
Microsoft Visual Studio Solution File, Format Version 12.00
# Visual Studio 15
Project("{FAE04EC0-301F-11D3-BF4B-00C04F79EFBC}") = "CleanFlatUIEditor", "CleanFlatUIEditor.csproj", "{3CE77E5D-93ED-DB91-5A10-7811F43C5A3D}"
EndProject
Project("{FAE04EC0-301F-11D3-BF4B-00C04F79EFBC}") = "Assembly-CSharp", "Assembly-CSharp.csproj", "{34D8EBE8-0895-E73F-36B9-6B7F011AA638}"
EndProject
Project("{FAE04EC0-301F-11D3-BF4B-00C04F79EFBC}") = "CleanFlatUI", "CleanFlatUI.csproj", "{A3682C90-D8B1-8FD3-7F99-7B879E23308D}"
EndProject
Global
	GlobalSection(SolutionConfigurationPlatforms) = preSolution
		Debug|Any CPU = Debug|Any CPU
		Release|Any CPU = Release|Any CPU
	EndGlobalSection
	GlobalSection(ProjectConfigurationPlatforms) = postSolution
		{3CE77E5D-93ED-DB91-5A10-7811F43C5A3D}.Debug|Any CPU.ActiveCfg = Debug|Any CPU
		{3CE77E5D-93ED-DB91-5A10-7811F43C5A3D}.Debug|Any CPU.Build.0 = Debug|Any CPU
		{3CE77E5D-93ED-DB91-5A10-7811F43C5A3D}.Release|Any CPU.ActiveCfg = Release|Any CPU
		{3CE77E5D-93ED-DB91-5A10-7811F43C5A3D}.Release|Any CPU.Build.0 = Release|Any CPU
		{34D8EBE8-0895-E73F-36B9-6B7F011AA638}.Debug|Any CPU.ActiveCfg = Debug|Any CPU
		{34D8EBE8-0895-E73F-36B9-6B7F011AA638}.Debug|Any CPU.Build.0 = Debug|Any CPU
		{34D8EBE8-0895-E73F-36B9-6B7F011AA638}.Release|Any CPU.ActiveCfg = Release|Any CPU
		{34D8EBE8-0895-E73F-36B9-6B7F011AA638}.Release|Any CPU.Build.0 = Release|Any CPU
		{A3682C90-D8B1-8FD3-7F99-7B879E23308D}.Debug|Any CPU.ActiveCfg = Debug|Any CPU
		{A3682C90-D8B1-8FD3-7F99-7B879E23308D}.Debug|Any CPU.Build.0 = Debug|Any CPU
		{A3682C90-D8B1-8FD3-7F99-7B879E23308D}.Release|Any CPU.ActiveCfg = Release|Any CPU
		{A3682C90-D8B1-8FD3-7F99-7B879E23308D}.Release|Any CPU.Build.0 = Release|Any CPU
	EndGlobalSection
	GlobalSection(SolutionProperties) = preSolution
		HideSolutionNode = FALSE
	EndGlobalSection
EndGlobal
